<?xml version="1.0" encoding="utf-8"?>
<Project ToolsVersion="4.0" xmlns="http://schemas.microsoft.com/developer/msbuild/2003">
  <ItemGroup>
    <Filter Include="Resources">
      <UniqueIdentifier>{24d69f68-8c4c-45dc-8e35-155ff301e16c}</UniqueIdentifier>
    </Filter>
    <Filter Include="Source Files">
      <UniqueIdentifier>{04067f9a-f2bc-4c50-974c-9eb4957c018d}</UniqueIdentifier>
    </Filter>
    <Filter Include="Header Files">
      <UniqueIdentifier>{7d958e1c-7e91-451b-b077-dcff5f6fcd30}</UniqueIdentifier>
    </Filter>
  </ItemGroup>
  <ItemGroup>
    <ClCompile Include="lib\board.cpp">
      <Filter>Source Files</Filter>
    </ClCompile>
    <ClCompile Include="lib\clan.cpp">
      <Filter>Source Files</Filter>
    </ClCompile>
    <ClCompile Include="lib\dialog.cpp">
      <Filter>Source Files</Filter>
    </ClCompile>
    <ClCompile Include="lib\door.builtin.cpp">
      <Filter>Source Files</Filter>
    </ClCompile>
    <ClCompile Include="lib\door.cpp">
      <Filter>Source Files</Filter>
    </ClCompile>
    <ClCompile Include="lib\listener.cpp">
      <Filter>Source Files</Filter>
    </ClCompile>
    <ClCompile Include="lib\mmo.cpp">
      <Filter>Source Files</Filter>
    </ClCompile>
    <ClCompile Include="lib\spell.builtin.cpp">
      <Filter>Source Files</Filter>
    </ClCompile>
    <ClCompile Include="lib\spell.cpp">
      <Filter>Source Files</Filter>
    </ClCompile>
    <ClCompile Include="lib\trade.cpp">
      <Filter>Source Files</Filter>
    </ClCompile>
    <ClCompile Include="lib\worker\worker.map.cpp">
      <Filter>Source Files</Filter>
    </ClCompile>
    <ClCompile Include="lib\worker\worker.npc.spawn.cpp">
      <Filter>Source Files</Filter>
    </ClCompile>
    <ClCompile Include="lib\item\armor.cpp">
      <Filter>Source Files</Filter>
    </ClCompile>
    <ClCompile Include="lib\item\auxiliary.cpp">
      <Filter>Source Files</Filter>
    </ClCompile>
    <ClCompile Include="lib\item\bow.cpp">
      <Filter>Source Files</Filter>
    </ClCompile>
    <ClCompile Include="lib\item\cash.cpp">
      <Filter>Source Files</Filter>
    </ClCompile>
    <ClCompile Include="lib\item\consume.cpp">
      <Filter>Source Files</Filter>
    </ClCompile>
    <ClCompile Include="lib\item\equipment.cpp">
      <Filter>Source Files</Filter>
    </ClCompile>
    <ClCompile Include="lib\item\helmet.cpp">
      <Filter>Source Files</Filter>
    </ClCompile>
    <ClCompile Include="lib\item\item.builtin.cpp">
      <Filter>Source Files</Filter>
    </ClCompile>
    <ClCompile Include="lib\item\item.cpp">
      <Filter>Source Files</Filter>
    </ClCompile>
    <ClCompile Include="lib\item\items.cpp">
      <Filter>Source Files</Filter>
    </ClCompile>
    <ClCompile Include="lib\item\pack.cpp">
      <Filter>Source Files</Filter>
    </ClCompile>
    <ClCompile Include="lib\item\ring.cpp">
      <Filter>Source Files</Filter>
    </ClCompile>
    <ClCompile Include="lib\item\shield.cpp">
      <Filter>Source Files</Filter>
    </ClCompile>
    <ClCompile Include="lib\item\weapon.cpp">
      <Filter>Source Files</Filter>
    </ClCompile>
    <ClCompile Include="lib\map\map.cpp">
      <Filter>Source Files</Filter>
    </ClCompile>
    <ClCompile Include="lib\map\sector.cpp">
      <Filter>Source Files</Filter>
    </ClCompile>
    <ClCompile Include="lib\model\const.regex.cpp">
      <Filter>Source Files</Filter>
    </ClCompile>
    <ClCompile Include="lib\model\model.buy.cpp">
      <Filter>Source Files</Filter>
    </ClCompile>
    <ClCompile Include="lib\model\model.door.cpp">
      <Filter>Source Files</Filter>
    </ClCompile>
    <ClCompile Include="lib\model\model.item.cpp">
      <Filter>Source Files</Filter>
    </ClCompile>
    <ClCompile Include="lib\model\model.life.cpp">
      <Filter>Source Files</Filter>
    </ClCompile>
    <ClCompile Include="lib\model\model.map.cpp">
      <Filter>Source Files</Filter>
    </ClCompile>
    <ClCompile Include="lib\model\model.mob.cpp">
      <Filter>Source Files</Filter>
    </ClCompile>
    <ClCompile Include="lib\model\model.npc.cpp">
      <Filter>Source Files</Filter>
    </ClCompile>
    <ClCompile Include="lib\model\model.object.cpp">
      <Filter>Source Files</Filter>
    </ClCompile>
    <ClCompile Include="lib\model\model.promotion.cpp">
      <Filter>Source Files</Filter>
    </ClCompile>
    <ClCompile Include="lib\model\model.recipe.cpp">
      <Filter>Source Files</Filter>
    </ClCompile>
    <ClCompile Include="lib\model\model.sell.cpp">
      <Filter>Source Files</Filter>
    </ClCompile>
    <ClCompile Include="lib\model\model.spell.cpp">
      <Filter>Source Files</Filter>
    </ClCompile>
    <ClCompile Include="lib\model\mst.recipe.cpp">
      <Filter>Source Files</Filter>
    </ClCompile>
    <ClCompile Include="lib\object\character.builtin.cpp">
      <Filter>Source Files</Filter>
    </ClCompile>
    <ClCompile Include="lib\object\character.cpp">
      <Filter>Source Files</Filter>
    </ClCompile>
    <ClCompile Include="lib\object\life.builtin.cpp">
      <Filter>Source Files</Filter>
    </ClCompile>
    <ClCompile Include="lib\object\life.cpp">
      <Filter>Source Files</Filter>
    </ClCompile>
    <ClCompile Include="lib\object\mob.cpp">
      <Filter>Source Files</Filter>
    </ClCompile>
    <ClCompile Include="lib\object\npc.cpp">
      <Filter>Source Files</Filter>
    </ClCompile>
    <ClCompile Include="lib\object\object.cpp">
      <Filter>Source Files</Filter>
    </ClCompile>
    <ClCompile Include="main.cpp">
      <Filter>Source Files</Filter>
    </ClCompile>
    <ClCompile Include="lib\group.cpp">
      <Filter>Source Files</Filter>
    </ClCompile>
    <ClCompile Include="lib\context\context.command.cpp">
      <Filter>Source Files</Filter>
    </ClCompile>
    <ClCompile Include="lib\context\context.cpp">
      <Filter>Source Files</Filter>
    </ClCompile>
    <ClCompile Include="lib\context\context.event.cpp">
      <Filter>Source Files</Filter>
    </ClCompile>
    <ClCompile Include="lib\context\context.handler.cpp">
      <Filter>Source Files</Filter>
    </ClCompile>
    <ClCompile Include="lib\context\context.timer.cpp">
      <Filter>Source Files</Filter>
    </ClCompile>
    <ClCompile Include="lib\context\context.timer.thread.cpp">
      <Filter>Source Files</Filter>
    </ClCompile>
    <ClCompile Include="lib\object\object.builtin.cpp">
      <Filter>Source Files</Filter>
    </ClCompile>
    <ClCompile Include="lib\map\map.builtin.cpp">
      <Filter>Source Files</Filter>
    </ClCompile>
    <ClCompile Include="lib\map\map.container.cpp">
      <Filter>Source Files</Filter>
    </ClCompile>
    <ClCompile Include="lib\object\object.container.cpp">
      <Filter>Source Files</Filter>
    </ClCompile>
    <ClCompile Include="lib\door.container.cpp">
      <Filter>Source Files</Filter>
    </ClCompile>
    <ClCompile Include="lib\context\context.builtin.cpp">
      <Filter>Source Files</Filter>
    </ClCompile>
    <ClCompile Include="lib\object\npc.builtin.cpp">
      <Filter>Source Files</Filter>
    </ClCompile>
    <ClCompile Include="lib\object\mob.builtin.cpp">
      <Filter>Source Files</Filter>
    </ClCompile>
    <ClCompile Include="lib\model.additional.cpp">
      <Filter>Source Files</Filter>
    </ClCompile>
    <ClCompile Include="lib\shard.cpp">
      <Filter>Source Files</Filter>
    </ClCompile>
    <ClCompile Include="lib\group.builtin.cpp">
      <Filter>Source Files</Filter>
    </ClCompile>
    <ClCompile Include="lib\trace.cpp">
      <Filter>Source Files</Filter>
    </ClCompile>
    <ClCompile Include="lib\trace.builtin.cpp">
      <Filter>Source Files</Filter>
    </ClCompile>
    <ClCompile Include="lib\model\model.trace.cpp">
      <Filter>Source Files</Filter>
    </ClCompile>
  </ItemGroup>
  <ItemGroup>
    <ClInclude Include="resource.h">
      <Filter>Resources</Filter>
    </ClInclude>
    <ClInclude Include="include\board.h">
      <Filter>Header Files</Filter>
    </ClInclude>
    <ClInclude Include="include\character.h">
      <Filter>Header Files</Filter>
    </ClInclude>
    <ClInclude Include="include\clan.h">
      <Filter>Header Files</Filter>
    </ClInclude>
    <ClInclude Include="include\context.h">
      <Filter>Header Files</Filter>
    </ClInclude>
    <ClInclude Include="include\dialog.h">
      <Filter>Header Files</Filter>
    </ClInclude>
    <ClInclude Include="include\door.h">
      <Filter>Header Files</Filter>
    </ClInclude>
    <ClInclude Include="include\group.h">
      <Filter>Header Files</Filter>
    </ClInclude>
    <ClInclude Include="include\inventory.h">
      <Filter>Header Files</Filter>
    </ClInclude>
    <ClInclude Include="include\inventory.hpp">
      <Filter>Header Files</Filter>
    </ClInclude>
    <ClInclude Include="include\item.h">
      <Filter>Header Files</Filter>
    </ClInclude>
    <ClInclude Include="include\life.h">
      <Filter>Header Files</Filter>
    </ClInclude>
    <ClInclude Include="include\listener.h">
      <Filter>Header Files</Filter>
    </ClInclude>
    <ClInclude Include="include\map.h">
      <Filter>Header Files</Filter>
    </ClInclude>
    <ClInclude Include="include\mmo.h">
      <Filter>Header Files</Filter>
    </ClInclude>
    <ClInclude Include="include\mob.h">
      <Filter>Header Files</Filter>
    </ClInclude>
    <ClInclude Include="include\model.h">
      <Filter>Header Files</Filter>
    </ClInclude>
    <ClInclude Include="include\model.preprocessor.h">
      <Filter>Header Files</Filter>
    </ClInclude>
    <ClInclude Include="include\mst.recipe.h">
      <Filter>Header Files</Filter>
    </ClInclude>
    <ClInclude Include="include\npc.h">
      <Filter>Header Files</Filter>
    </ClInclude>
    <ClInclude Include="include\object.h">
      <Filter>Header Files</Filter>
    </ClInclude>
    <ClInclude Include="include\regex.h">
      <Filter>Header Files</Filter>
    </ClInclude>
    <ClInclude Include="include\sector.h">
      <Filter>Header Files</Filter>
    </ClInclude>
    <ClInclude Include="include\spell.h">
      <Filter>Header Files</Filter>
    </ClInclude>
    <ClInclude Include="include\trade.h">
      <Filter>Header Files</Filter>
    </ClInclude>
    <ClInclude Include="include\worker.h">
      <Filter>Header Files</Filter>
    </ClInclude>
    <ClInclude Include="include\thread_params.h">
      <Filter>Header Files</Filter>
    </ClInclude>
    <ClInclude Include="include\object_container.h">
      <Filter>Header Files</Filter>
    </ClInclude>
    <ClInclude Include="include\shard.h">
      <Filter>Header Files</Filter>
    </ClInclude>
    <ClInclude Include="include\trace.h">
      <Filter>Header Files</Filter>
    </ClInclude>
  </ItemGroup>
  <ItemGroup>
    <Image Include="..\..\..\..\..\Desktop\baram.ico">
      <Filter>Resources</Filter>
    </Image>
  </ItemGroup>
  <ItemGroup>
    <ResourceCompile Include="game.rc">
      <Filter>Resources</Filter>
    </ResourceCompile>
  </ItemGroup>
</Project>