<?xml version="1.0" encoding="utf-8"?>
<Project ToolsVersion="4.0" xmlns="http://schemas.microsoft.com/developer/msbuild/2003">
  <ItemGroup>
    <Filter Include="Resources">
      <UniqueIdentifier>{24d69f68-8c4c-45dc-8e35-155ff301e16c}</UniqueIdentifier>
    </Filter>
    <Filter Include="source">
      <UniqueIdentifier>{04067f9a-f2bc-4c50-974c-9eb4957c018d}</UniqueIdentifier>
    </Filter>
    <Filter Include="core">
      <UniqueIdentifier>{7d958e1c-7e91-451b-b077-dcff5f6fcd30}</UniqueIdentifier>
    </Filter>
  </ItemGroup>
  <ItemGroup>
    <ClCompile Include="lib\clan.cpp">
      <Filter>source</Filter>
    </ClCompile>
    <ClCompile Include="lib\context\command.cpp">
      <Filter>source</Filter>
    </ClCompile>
    <ClCompile Include="lib\context\context.cpp">
      <Filter>source</Filter>
    </ClCompile>
    <ClCompile Include="lib\context\handler.cpp">
      <Filter>source</Filter>
    </ClCompile>
    <ClCompile Include="lib\door.cpp">
      <Filter>source</Filter>
    </ClCompile>
    <ClCompile Include="lib\group.cpp">
      <Filter>source</Filter>
    </ClCompile>
    <ClCompile Include="lib\item\armor.cpp">
      <Filter>source</Filter>
    </ClCompile>
    <ClCompile Include="lib\item\auxiliary.cpp">
      <Filter>source</Filter>
    </ClCompile>
    <ClCompile Include="lib\item\bow.cpp">
      <Filter>source</Filter>
    </ClCompile>
    <ClCompile Include="lib\item\cash.cpp">
      <Filter>source</Filter>
    </ClCompile>
    <ClCompile Include="lib\item\consume.cpp">
      <Filter>source</Filter>
    </ClCompile>
    <ClCompile Include="lib\item\equipment.cpp">
      <Filter>source</Filter>
    </ClCompile>
    <ClCompile Include="lib\item\helmet.cpp">
      <Filter>source</Filter>
    </ClCompile>
    <ClCompile Include="lib\item\item.cpp">
      <Filter>source</Filter>
    </ClCompile>
    <ClCompile Include="lib\item\itemmix.cpp">
      <Filter>source</Filter>
    </ClCompile>
    <ClCompile Include="lib\item\items.cpp">
      <Filter>source</Filter>
    </ClCompile>
    <ClCompile Include="lib\item\pack.cpp">
      <Filter>source</Filter>
    </ClCompile>
    <ClCompile Include="lib\item\ring.cpp">
      <Filter>source</Filter>
    </ClCompile>
    <ClCompile Include="lib\item\shield.cpp">
      <Filter>source</Filter>
    </ClCompile>
    <ClCompile Include="lib\item\weapon.cpp">
      <Filter>source</Filter>
    </ClCompile>
    <ClCompile Include="lib\listener.cpp">
      <Filter>source</Filter>
    </ClCompile>
    <ClCompile Include="lib\lua\built_in.cpp">
      <Filter>source</Filter>
    </ClCompile>
    <ClCompile Include="lib\lua\lua.cpp">
      <Filter>source</Filter>
    </ClCompile>
    <ClCompile Include="lib\map\map.cpp">
      <Filter>source</Filter>
    </ClCompile>
    <ClCompile Include="lib\map\sector.cpp">
      <Filter>source</Filter>
    </ClCompile>
    <ClCompile Include="lib\mmo.cpp">
      <Filter>source</Filter>
    </ClCompile>
    <ClCompile Include="lib\object\life.cpp">
      <Filter>source</Filter>
    </ClCompile>
    <ClCompile Include="lib\object\mob.cpp">
      <Filter>source</Filter>
    </ClCompile>
    <ClCompile Include="lib\object\npc.cpp">
      <Filter>source</Filter>
    </ClCompile>
    <ClCompile Include="lib\object\object.cpp">
      <Filter>source</Filter>
    </ClCompile>
    <ClCompile Include="lib\object\session.cpp">
      <Filter>source</Filter>
    </ClCompile>
    <ClCompile Include="lib\spell.cpp">
      <Filter>source</Filter>
    </ClCompile>
    <ClCompile Include="lib\query_game.cpp">
      <Filter>source</Filter>
    </ClCompile>
    <ClCompile Include="lib\model.cpp">
      <Filter>source</Filter>
    </ClCompile>
    <ClCompile Include="lib\trade.cpp">
      <Filter>source</Filter>
    </ClCompile>
    <ClCompile Include="main.cpp" />
    <ClCompile Include="..\core\config.cpp">
      <Filter>core</Filter>
    </ClCompile>
    <ClCompile Include="..\core\console.cpp">
      <Filter>core</Filter>
    </ClCompile>
    <ClCompile Include="..\core\cryptor.cpp">
      <Filter>core</Filter>
    </ClCompile>
    <ClCompile Include="..\core\db.cpp">
      <Filter>core</Filter>
    </ClCompile>
    <ClCompile Include="..\core\encoding.cpp">
      <Filter>core</Filter>
    </ClCompile>
    <ClCompile Include="..\core\stream.cpp">
      <Filter>core</Filter>
    </ClCompile>
    <ClCompile Include="..\core\table.cpp">
      <Filter>core</Filter>
    </ClCompile>
    <ClCompile Include="..\core\thread.cpp">
      <Filter>core</Filter>
    </ClCompile>
    <ClCompile Include="..\core\time.cpp">
      <Filter>core</Filter>
    </ClCompile>
    <ClCompile Include="..\core\query.cpp">
      <Filter>core</Filter>
    </ClCompile>
    <ClCompile Include="lib\object\object.builtin.cpp">
      <Filter>source</Filter>
    </ClCompile>
    <ClCompile Include="lib\object\life.builtin.cpp">
      <Filter>source</Filter>
    </ClCompile>
    <ClCompile Include="lib\object\mob.builtin.cpp">
      <Filter>source</Filter>
    </ClCompile>
    <ClCompile Include="lib\object\npc.builtin.cpp">
      <Filter>source</Filter>
    </ClCompile>
    <ClCompile Include="lib\object\session.builtin.cpp">
      <Filter>source</Filter>
    </ClCompile>
    <ClCompile Include="..\core\logger.cpp">
      <Filter>core</Filter>
    </ClCompile>
    <ClCompile Include="lib\board.cpp">
      <Filter>source</Filter>
    </ClCompile>
    <ClCompile Include="lib\dialog.cpp">
      <Filter>source</Filter>
    </ClCompile>
    <ClCompile Include="..\core\format.cpp">
      <Filter>core</Filter>
    </ClCompile>
    <ClCompile Include="lib\regex.cpp">
      <Filter>source</Filter>
    </ClCompile>
    <ClCompile Include="..\core\mst.cpp">
      <Filter>core</Filter>
    </ClCompile>
    <ClCompile Include="..\core\redis.cpp">
      <Filter>core</Filter>
    </ClCompile>
  </ItemGroup>
  <ItemGroup>
    <ClInclude Include="resource.h">
      <Filter>Resources</Filter>
    </ClInclude>
  </ItemGroup>
  <ItemGroup>
    <Image Include="..\..\..\..\..\Desktop\baram.ico">
      <Filter>Resources</Filter>
    </Image>
  </ItemGroup>
  <ItemGroup>
    <ResourceCompile Include="game.rc">
      <Filter>Resources</Filter>
    </ResourceCompile>
  </ItemGroup>
</Project>