<?xml version="1.0" encoding="utf-8"?>
<Project ToolsVersion="4.0" xmlns="http://schemas.microsoft.com/developer/msbuild/2003">
  <ItemGroup>
    <Filter Include="Resources">
      <UniqueIdentifier>{4c83f9bc-379d-47b5-af8b-b8739d918e2e}</UniqueIdentifier>
    </Filter>
    <Filter Include="core">
      <UniqueIdentifier>{4FC737F1-C7A5-4376-A066-2A32D752A2FF}</UniqueIdentifier>
      <Extensions>cpp;c;cc;cxx;c++;def;odl;idl;hpj;bat;asm;asmx</Extensions>
    </Filter>
    <Filter Include="source">
      <UniqueIdentifier>{91340c34-111c-4a18-948b-e3ef0fc2e741}</UniqueIdentifier>
    </Filter>
  </ItemGroup>
  <ItemGroup>
    <ClInclude Include="resource.h">
      <Filter>Resources</Filter>
    </ClInclude>
  </ItemGroup>
  <ItemGroup>
    <Image Include="..\baram.ico">
      <Filter>Resources</Filter>
    </Image>
  </ItemGroup>
  <ItemGroup>
    <ResourceCompile Include="gateway.rc">
      <Filter>Resources</Filter>
    </ResourceCompile>
  </ItemGroup>
  <ItemGroup>
    <ClCompile Include="main.cpp" />
    <ClCompile Include="lib\context.cpp">
      <Filter>source</Filter>
    </ClCompile>
    <ClCompile Include="lib\util.cpp">
      <Filter>source</Filter>
    </ClCompile>
    <ClCompile Include="lib\session.cpp">
      <Filter>source</Filter>
    </ClCompile>
    <ClCompile Include="..\core\config.cpp">
      <Filter>core</Filter>
    </ClCompile>
    <ClCompile Include="..\core\console.cpp">
      <Filter>core</Filter>
    </ClCompile>
    <ClCompile Include="..\core\cryptor.cpp">
      <Filter>core</Filter>
    </ClCompile>
    <ClCompile Include="..\core\encoding.cpp">
      <Filter>core</Filter>
    </ClCompile>
    <ClCompile Include="..\core\stream.cpp">
      <Filter>core</Filter>
    </ClCompile>
    <ClCompile Include="..\core\table.cpp">
      <Filter>core</Filter>
    </ClCompile>
    <ClCompile Include="..\core\thread.cpp">
      <Filter>core</Filter>
    </ClCompile>
    <ClCompile Include="..\core\time.cpp">
      <Filter>core</Filter>
    </ClCompile>
    <ClCompile Include="..\core\query.cpp">
      <Filter>core</Filter>
    </ClCompile>
    <ClCompile Include="..\core\logger.cpp">
      <Filter>core</Filter>
    </ClCompile>
    <ClCompile Include="..\core\format.cpp">
      <Filter>core</Filter>
    </ClCompile>
  </ItemGroup>
</Project>