<?xml version="1.0" encoding="utf-8"?>
<Project ToolsVersion="4.0" xmlns="http://schemas.microsoft.com/developer/msbuild/2003">
  <ItemGroup>
    <Filter Include="Resources">
      <UniqueIdentifier>{4c83f9bc-379d-47b5-af8b-b8739d918e2e}</UniqueIdentifier>
    </Filter>
    <Filter Include="Source Files">
      <UniqueIdentifier>{ab4a9169-1423-4553-8c1e-d653d66e307e}</UniqueIdentifier>
    </Filter>
    <Filter Include="Header Files">
      <UniqueIdentifier>{2b25ef46-55be-4410-9f0e-6c4cc62161ca}</UniqueIdentifier>
    </Filter>
    <Filter Include="Source Files\protocol">
      <UniqueIdentifier>{2a7f3645-f89c-4519-8d8e-9cedd65d459a}</UniqueIdentifier>
    </Filter>
    <Filter Include="Header Files\protocol">
      <UniqueIdentifier>{73c720ab-ef34-4fa3-b5ff-6a075b993faf}</UniqueIdentifier>
    </Filter>
  </ItemGroup>
  <ItemGroup>
    <ClInclude Include="resource.h">
      <Filter>Resources</Filter>
    </ClInclude>
    <ClInclude Include="..\include\fb\gateway\context.h">
      <Filter>Header Files</Filter>
    </ClInclude>
    <ClInclude Include="..\include\fb\gateway\protocol.h">
      <Filter>Header Files</Filter>
    </ClInclude>
    <ClInclude Include="..\include\fb\gateway\session.h">
      <Filter>Header Files</Filter>
    </ClInclude>
    <ClInclude Include="..\include\fb\gateway\util.h">
      <Filter>Header Files</Filter>
    </ClInclude>
    <ClInclude Include="..\include\fb\gateway\protocol\crypto.h">
      <Filter>Header Files\protocol</Filter>
    </ClInclude>
    <ClInclude Include="..\include\fb\gateway\protocol\endpoint.h">
      <Filter>Header Files\protocol</Filter>
    </ClInclude>
    <ClInclude Include="..\include\fb\gateway\protocol\version.h">
      <Filter>Header Files\protocol</Filter>
    </ClInclude>
    <ClInclude Include="..\include\fb\gateway\protocol\welcome.h">
      <Filter>Header Files\protocol</Filter>
    </ClInclude>
  </ItemGroup>
  <ItemGroup>
    <Image Include="..\baram.ico">
      <Filter>Resources</Filter>
    </Image>
  </ItemGroup>
  <ItemGroup>
    <ResourceCompile Include="gateway.rc">
      <Filter>Resources</Filter>
    </ResourceCompile>
  </ItemGroup>
  <ItemGroup>
    <ClCompile Include="lib\context.cpp">
      <Filter>Source Files</Filter>
    </ClCompile>
    <ClCompile Include="lib\session.cpp">
      <Filter>Source Files</Filter>
    </ClCompile>
    <ClCompile Include="lib\util.cpp">
      <Filter>Source Files</Filter>
    </ClCompile>
    <ClCompile Include="main.cpp">
      <Filter>Source Files</Filter>
    </ClCompile>
    <ClCompile Include="lib\protocol\protocol.crypto.cpp">
      <Filter>Source Files\protocol</Filter>
    </ClCompile>
    <ClCompile Include="lib\protocol\protocol.endpoint.cpp">
      <Filter>Source Files\protocol</Filter>
    </ClCompile>
    <ClCompile Include="lib\protocol\protocol.version.cpp">
      <Filter>Source Files\protocol</Filter>
    </ClCompile>
    <ClCompile Include="lib\protocol\protocol.welcome.cpp">
      <Filter>Source Files\protocol</Filter>
    </ClCompile>
    <ClCompile Include="lib\protocol\endpoint.cpp">
      <Filter>Source Files\protocol</Filter>
    </ClCompile>
  </ItemGroup>
</Project>