<?xml version="1.0" encoding="utf-8"?>
<Project ToolsVersion="4.0" xmlns="http://schemas.microsoft.com/developer/msbuild/2003">
  <ItemGroup>
    <Filter Include="Resources">
      <UniqueIdentifier>{de1c61f1-ec66-4b00-97cd-dd8ac3284651}</UniqueIdentifier>
    </Filter>
    <Filter Include="Source Files">
      <UniqueIdentifier>{e97c49f9-417f-415f-81e2-98bcabf35863}</UniqueIdentifier>
    </Filter>
    <Filter Include="Header Files">
      <UniqueIdentifier>{99a378d0-2162-41ec-bc00-928b3371dc35}</UniqueIdentifier>
    </Filter>
    <Filter Include="Header Files\protocol">
      <UniqueIdentifier>{8c14dcd2-9918-43b1-b4e7-449177de1fbe}</UniqueIdentifier>
    </Filter>
    <Filter Include="Source Files\protocol">
      <UniqueIdentifier>{6d93da26-2a6e-45c0-a8a9-14389dee574d}</UniqueIdentifier>
    </Filter>
  </ItemGroup>
  <ItemGroup>
    <ClInclude Include="resource.h">
      <Filter>Resources</Filter>
    </ClInclude>
    <ClInclude Include="..\include\fb\login\context.h">
      <Filter>Header Files</Filter>
    </ClInclude>
    <ClInclude Include="..\include\fb\login\gateway.h">
      <Filter>Header Files</Filter>
    </ClInclude>
    <ClInclude Include="..\include\fb\login\protocol.h">
      <Filter>Header Files</Filter>
    </ClInclude>
    <ClInclude Include="..\include\fb\login\session.h">
      <Filter>Header Files</Filter>
    </ClInclude>
    <ClInclude Include="..\include\fb\login\protocol\agreement.h">
      <Filter>Header Files\protocol</Filter>
    </ClInclude>
    <ClInclude Include="..\include\fb\login\protocol\complete.h">
      <Filter>Header Files\protocol</Filter>
    </ClInclude>
    <ClInclude Include="..\include\fb\login\protocol\create.h">
      <Filter>Header Files\protocol</Filter>
    </ClInclude>
    <ClInclude Include="..\include\fb\login\protocol\header.h">
      <Filter>Header Files\protocol</Filter>
    </ClInclude>
    <ClInclude Include="..\include\fb\login\protocol\login.h">
      <Filter>Header Files\protocol</Filter>
    </ClInclude>
    <ClInclude Include="..\include\fb\login\protocol\message.h">
      <Filter>Header Files\protocol</Filter>
    </ClInclude>
    <ClInclude Include="..\include\fb\login\protocol\transfer.h">
      <Filter>Header Files\protocol</Filter>
    </ClInclude>
    <ClInclude Include="..\include\fb\login\protocol\update_pw.h">
      <Filter>Header Files\protocol</Filter>
    </ClInclude>
  </ItemGroup>
  <ItemGroup>
    <Image Include="..\..\..\..\..\Desktop\baram.ico">
      <Filter>Resources</Filter>
    </Image>
  </ItemGroup>
  <ItemGroup>
    <ResourceCompile Include="login.rc">
      <Filter>Resources</Filter>
    </ResourceCompile>
  </ItemGroup>
  <ItemGroup>
    <ClCompile Include="lib\gateway.cpp">
      <Filter>Source Files</Filter>
    </ClCompile>
    <ClCompile Include="lib\session.cpp">
      <Filter>Source Files</Filter>
    </ClCompile>
    <ClCompile Include="lib\context.cpp">
      <Filter>Source Files</Filter>
    </ClCompile>
    <ClCompile Include="main.cpp">
      <Filter>Source Files</Filter>
    </ClCompile>
    <ClCompile Include="lib\protocol\protocol.agreement.cpp">
      <Filter>Source Files\protocol</Filter>
    </ClCompile>
    <ClCompile Include="lib\protocol\protocol.complete.cpp">
      <Filter>Source Files\protocol</Filter>
    </ClCompile>
    <ClCompile Include="lib\protocol\protocol.create.cpp">
      <Filter>Source Files\protocol</Filter>
    </ClCompile>
    <ClCompile Include="lib\protocol\protocol.login.cpp">
      <Filter>Source Files\protocol</Filter>
    </ClCompile>
    <ClCompile Include="lib\protocol\protocol.update_pw.cpp">
      <Filter>Source Files\protocol</Filter>
    </ClCompile>
  </ItemGroup>
</Project>