<?xml version="1.0" encoding="utf-8"?>
<Project ToolsVersion="4.0" xmlns="http://schemas.microsoft.com/developer/msbuild/2003">
  <ItemGroup>
    <Filter Include="Source Files">
      <UniqueIdentifier>{4FC737F1-C7A5-4376-A066-2A32D752A2FF}</UniqueIdentifier>
      <Extensions>cpp;c;cc;cxx;def;odl;idl;hpj;bat;asm;asmx</Extensions>
    </Filter>
    <Filter Include="Resources">
      <UniqueIdentifier>{de1c61f1-ec66-4b00-97cd-dd8ac3284651}</UniqueIdentifier>
    </Filter>
    <Filter Include="model">
      <UniqueIdentifier>{eb4d2575-42ce-443c-a2a3-f8a1770da1c7}</UniqueIdentifier>
    </Filter>
    <Filter Include="model\acceptor">
      <UniqueIdentifier>{5d511dad-e82b-4912-8657-c05f5e52ae17}</UniqueIdentifier>
    </Filter>
    <Filter Include="module">
      <UniqueIdentifier>{8f161fa2-5b43-42b4-9952-cfd7cf4c2d4f}</UniqueIdentifier>
    </Filter>
    <Filter Include="module\acceptor">
      <UniqueIdentifier>{99b45227-d89c-4a97-9592-9761a415cfe3}</UniqueIdentifier>
    </Filter>
    <Filter Include="module\cryptor">
      <UniqueIdentifier>{276fb1eb-1d56-4edb-9060-5bf1329d376c}</UniqueIdentifier>
    </Filter>
    <Filter Include="module\socket">
      <UniqueIdentifier>{3b8a7a11-1e7c-4275-a2a5-403824d886d7}</UniqueIdentifier>
    </Filter>
    <Filter Include="module\stream">
      <UniqueIdentifier>{4648c1e5-819f-479b-9731-13363649d5a1}</UniqueIdentifier>
    </Filter>
    <Filter Include="module\console">
      <UniqueIdentifier>{5aa22d3a-4784-4958-8578-f0b174f15f34}</UniqueIdentifier>
    </Filter>
    <Filter Include="module\config">
      <UniqueIdentifier>{62541fdc-1924-4e48-aacf-95a9700f4e8b}</UniqueIdentifier>
    </Filter>
    <Filter Include="module\timer">
      <UniqueIdentifier>{c2650f08-191e-427c-83dc-c6c0906266a3}</UniqueIdentifier>
    </Filter>
    <Filter Include="module\db">
      <UniqueIdentifier>{14b44bf6-7f41-471e-a5ca-4ea048deafcc}</UniqueIdentifier>
    </Filter>
    <Filter Include="service">
      <UniqueIdentifier>{f78085ba-6436-4cbc-a225-ec7729370822}</UniqueIdentifier>
    </Filter>
    <Filter Include="service\auth">
      <UniqueIdentifier>{611ed06a-00fb-4938-b1f5-1b61bca5539e}</UniqueIdentifier>
    </Filter>
    <Filter Include="model\session">
      <UniqueIdentifier>{51046f53-2311-43e7-8fb9-84333c1086f2}</UniqueIdentifier>
    </Filter>
    <Filter Include="module\service">
      <UniqueIdentifier>{b6330a0a-95a8-45a4-b7c5-65792ab2a442}</UniqueIdentifier>
    </Filter>
    <Filter Include="model\gateway">
      <UniqueIdentifier>{fbd87bb9-a1f7-4545-a783-3c0a73189332}</UniqueIdentifier>
    </Filter>
  </ItemGroup>
  <ItemGroup>
    <ClCompile Include="main.cpp">
      <Filter>Source Files</Filter>
    </ClCompile>
    <ClCompile Include="model\acceptor\acceptor.login.cpp">
      <Filter>model\acceptor</Filter>
    </ClCompile>
    <ClCompile Include="..\module\acceptor\acceptor.cpp">
      <Filter>module\acceptor</Filter>
    </ClCompile>
    <ClCompile Include="..\module\crypto\cryptor.cpp">
      <Filter>module\cryptor</Filter>
    </ClCompile>
    <ClCompile Include="..\module\socket\socket.cpp">
      <Filter>module\socket</Filter>
    </ClCompile>
    <ClCompile Include="..\module\stream\stream.cpp">
      <Filter>module\stream</Filter>
    </ClCompile>
    <ClCompile Include="..\module\console\console.cpp">
      <Filter>module\console</Filter>
    </ClCompile>
    <ClCompile Include="..\module\config\config.cpp">
      <Filter>module\config</Filter>
    </ClCompile>
    <ClCompile Include="..\module\timer\timer.cpp">
      <Filter>module\timer</Filter>
    </ClCompile>
    <ClCompile Include="..\module\db\db.cpp">
      <Filter>module\db</Filter>
    </ClCompile>
    <ClCompile Include="service\auth\auth.service.cpp">
      <Filter>service\auth</Filter>
    </ClCompile>
    <ClCompile Include="model\session\session.login.cpp">
      <Filter>model\session</Filter>
    </ClCompile>
    <ClCompile Include="..\module\service\service.cpp">
      <Filter>module\service</Filter>
    </ClCompile>
    <ClCompile Include="model\gateway\gateway.cpp">
      <Filter>model\gateway</Filter>
    </ClCompile>
  </ItemGroup>
  <ItemGroup>
    <ClInclude Include="resource.h">
      <Filter>Resources</Filter>
    </ClInclude>
    <ClInclude Include="model\acceptor\acceptor.login.h">
      <Filter>model\acceptor</Filter>
    </ClInclude>
    <ClInclude Include="..\module\leak.h">
      <Filter>module</Filter>
    </ClInclude>
    <ClInclude Include="..\module\acceptor\acceptor.h">
      <Filter>module\acceptor</Filter>
    </ClInclude>
    <ClInclude Include="..\module\acceptor\acceptor.hpp">
      <Filter>module\acceptor</Filter>
    </ClInclude>
    <ClInclude Include="..\module\crypto\cryptor.h">
      <Filter>module\cryptor</Filter>
    </ClInclude>
    <ClInclude Include="..\module\socket\socket.h">
      <Filter>module\socket</Filter>
    </ClInclude>
    <ClInclude Include="..\module\socket\socket.hpp">
      <Filter>module\socket</Filter>
    </ClInclude>
    <ClInclude Include="..\module\stream\stream.h">
      <Filter>module\stream</Filter>
    </ClInclude>
    <ClInclude Include="..\module\console\console.h">
      <Filter>module\console</Filter>
    </ClInclude>
    <ClInclude Include="..\module\config\config.h">
      <Filter>module\config</Filter>
    </ClInclude>
    <ClInclude Include="..\module\timer\timer.h">
      <Filter>module\timer</Filter>
    </ClInclude>
    <ClInclude Include="..\module\db\db.h">
      <Filter>module\db</Filter>
    </ClInclude>
    <ClInclude Include="service\auth\auth.service.h">
      <Filter>service\auth</Filter>
    </ClInclude>
    <ClInclude Include="model\session\session.login.h">
      <Filter>model\session</Filter>
    </ClInclude>
    <ClInclude Include="..\module\service\service.h">
      <Filter>module\service</Filter>
    </ClInclude>
    <ClInclude Include="model\gateway\gateway.h">
      <Filter>model\gateway</Filter>
    </ClInclude>
  </ItemGroup>
  <ItemGroup>
    <Image Include="..\..\..\..\..\Desktop\baram.ico">
      <Filter>Resources</Filter>
    </Image>
  </ItemGroup>
  <ItemGroup>
    <ResourceCompile Include="login.rc">
      <Filter>Resources</Filter>
    </ResourceCompile>
  </ItemGroup>
</Project>