<?xml version="1.0" encoding="utf-8"?>
<Project ToolsVersion="4.0" xmlns="http://schemas.microsoft.com/developer/msbuild/2003">
  <ItemGroup>
    <Filter Include="Resources">
      <UniqueIdentifier>{de1c61f1-ec66-4b00-97cd-dd8ac3284651}</UniqueIdentifier>
    </Filter>
  </ItemGroup>
  <ItemGroup>
    <ClInclude Include="resource.h">
      <Filter>Resources</Filter>
    </ClInclude>
  </ItemGroup>
  <ItemGroup>
    <Image Include="..\..\..\..\..\Desktop\baram.ico">
      <Filter>Resources</Filter>
    </Image>
  </ItemGroup>
  <ItemGroup>
    <ResourceCompile Include="login.rc">
      <Filter>Resources</Filter>
    </ResourceCompile>
  </ItemGroup>
  <ItemGroup>
    <ClCompile Include="main.cpp" />
    <ClCompile Include="..\core\console.cpp">
      <Filter>source</Filter>
    </ClCompile>
    <ClCompile Include="..\core\cryptor.cpp">
      <Filter>source</Filter>
    </ClCompile>
    <ClCompile Include="..\core\db.cpp">
      <Filter>source</Filter>
    </ClCompile>
    <ClCompile Include="..\core\dead_lock.cpp">
      <Filter>source</Filter>
    </ClCompile>
    <ClCompile Include="..\core\encoding.cpp">
      <Filter>source</Filter>
    </ClCompile>
    <ClCompile Include="..\core\format.cpp">
      <Filter>source</Filter>
    </ClCompile>
    <ClCompile Include="..\core\logger.cpp">
      <Filter>source</Filter>
    </ClCompile>
    <ClCompile Include="..\core\mst.cpp">
      <Filter>source</Filter>
    </ClCompile>
    <ClCompile Include="..\core\query.cpp">
      <Filter>source</Filter>
    </ClCompile>
    <ClCompile Include="..\core\stream.cpp">
      <Filter>source</Filter>
    </ClCompile>
    <ClCompile Include="..\core\table.cpp">
      <Filter>source</Filter>
    </ClCompile>
    <ClCompile Include="..\core\thread.cpp">
      <Filter>source</Filter>
    </ClCompile>
    <ClCompile Include="..\core\time.cpp">
      <Filter>source</Filter>
    </ClCompile>
    <ClCompile Include="..\core\console.cpp">
      <Filter>source</Filter>
    </ClCompile>
    <ClCompile Include="..\core\cryptor.cpp">
      <Filter>source</Filter>
    </ClCompile>
    <ClCompile Include="..\core\db.cpp">
      <Filter>source</Filter>
    </ClCompile>
    <ClCompile Include="..\core\dead_lock.cpp">
      <Filter>source</Filter>
    </ClCompile>
    <ClCompile Include="..\core\encoding.cpp">
      <Filter>source</Filter>
    </ClCompile>
    <ClCompile Include="..\core\format.cpp">
      <Filter>source</Filter>
    </ClCompile>
    <ClCompile Include="..\core\logger.cpp">
      <Filter>source</Filter>
    </ClCompile>
    <ClCompile Include="..\core\mst.cpp">
      <Filter>source</Filter>
    </ClCompile>
    <ClCompile Include="..\core\query.cpp">
      <Filter>source</Filter>
    </ClCompile>
    <ClCompile Include="..\core\stream.cpp">
      <Filter>source</Filter>
    </ClCompile>
    <ClCompile Include="..\core\table.cpp">
      <Filter>source</Filter>
    </ClCompile>
    <ClCompile Include="..\core\thread.cpp">
      <Filter>source</Filter>
    </ClCompile>
    <ClCompile Include="..\core\time.cpp">
      <Filter>source</Filter>
    </ClCompile>
    <ClCompile Include="..\core\console.cpp">
      <Filter>source</Filter>
    </ClCompile>
    <ClCompile Include="..\core\cryptor.cpp">
      <Filter>source</Filter>
    </ClCompile>
    <ClCompile Include="..\core\db.cpp">
      <Filter>source</Filter>
    </ClCompile>
    <ClCompile Include="..\core\dead_lock.cpp">
      <Filter>source</Filter>
    </ClCompile>
    <ClCompile Include="..\core\encoding.cpp">
      <Filter>source</Filter>
    </ClCompile>
    <ClCompile Include="..\core\format.cpp">
      <Filter>source</Filter>
    </ClCompile>
    <ClCompile Include="..\core\logger.cpp">
      <Filter>source</Filter>
    </ClCompile>
    <ClCompile Include="..\core\mst.cpp">
      <Filter>source</Filter>
    </ClCompile>
    <ClCompile Include="..\core\query.cpp">
      <Filter>source</Filter>
    </ClCompile>
    <ClCompile Include="..\core\stream.cpp">
      <Filter>source</Filter>
    </ClCompile>
    <ClCompile Include="..\core\table.cpp">
      <Filter>source</Filter>
    </ClCompile>
    <ClCompile Include="..\core\thread.cpp">
      <Filter>source</Filter>
    </ClCompile>
    <ClCompile Include="..\core\time.cpp">
      <Filter>source</Filter>
    </ClCompile>
    <ClCompile Include="..\core\console.cpp">
      <Filter>source</Filter>
    </ClCompile>
    <ClCompile Include="..\core\cryptor.cpp">
      <Filter>source</Filter>
    </ClCompile>
    <ClCompile Include="..\core\db.cpp">
      <Filter>source</Filter>
    </ClCompile>
    <ClCompile Include="..\core\dead_lock.cpp">
      <Filter>source</Filter>
    </ClCompile>
    <ClCompile Include="..\core\encoding.cpp">
      <Filter>source</Filter>
    </ClCompile>
    <ClCompile Include="..\core\format.cpp">
      <Filter>source</Filter>
    </ClCompile>
    <ClCompile Include="..\core\logger.cpp">
      <Filter>source</Filter>
    </ClCompile>
    <ClCompile Include="..\core\mst.cpp">
      <Filter>source</Filter>
    </ClCompile>
    <ClCompile Include="..\core\query.cpp">
      <Filter>source</Filter>
    </ClCompile>
    <ClCompile Include="..\core\stream.cpp">
      <Filter>source</Filter>
    </ClCompile>
    <ClCompile Include="..\core\table.cpp">
      <Filter>source</Filter>
    </ClCompile>
    <ClCompile Include="..\core\thread.cpp">
      <Filter>source</Filter>
    </ClCompile>
    <ClCompile Include="..\core\time.cpp">
      <Filter>source</Filter>
    </ClCompile>
    <ClCompile Include="..\core\console.cpp">
      <Filter>source</Filter>
    </ClCompile>
    <ClCompile Include="..\core\cryptor.cpp">
      <Filter>source</Filter>
    </ClCompile>
    <ClCompile Include="..\core\db.cpp">
      <Filter>source</Filter>
    </ClCompile>
    <ClCompile Include="..\core\dead_lock.cpp">
      <Filter>source</Filter>
    </ClCompile>
    <ClCompile Include="..\core\encoding.cpp">
      <Filter>source</Filter>
    </ClCompile>
    <ClCompile Include="..\core\format.cpp">
      <Filter>source</Filter>
    </ClCompile>
    <ClCompile Include="..\core\logger.cpp">
      <Filter>source</Filter>
    </ClCompile>
    <ClCompile Include="..\core\mst.cpp">
      <Filter>source</Filter>
    </ClCompile>
    <ClCompile Include="..\core\query.cpp">
      <Filter>source</Filter>
    </ClCompile>
    <ClCompile Include="..\core\stream.cpp">
      <Filter>source</Filter>
    </ClCompile>
    <ClCompile Include="..\core\table.cpp">
      <Filter>source</Filter>
    </ClCompile>
    <ClCompile Include="..\core\thread.cpp">
      <Filter>source</Filter>
    </ClCompile>
    <ClCompile Include="..\core\time.cpp">
      <Filter>source</Filter>
    </ClCompile>
    <ClCompile Include="..\core\console.cpp">
      <Filter>source</Filter>
    </ClCompile>
    <ClCompile Include="..\core\cryptor.cpp">
      <Filter>source</Filter>
    </ClCompile>
    <ClCompile Include="..\core\db.cpp">
      <Filter>source</Filter>
    </ClCompile>
    <ClCompile Include="..\core\dead_lock.cpp">
      <Filter>source</Filter>
    </ClCompile>
    <ClCompile Include="..\core\encoding.cpp">
      <Filter>source</Filter>
    </ClCompile>
    <ClCompile Include="..\core\format.cpp">
      <Filter>source</Filter>
    </ClCompile>
    <ClCompile Include="..\core\logger.cpp">
      <Filter>source</Filter>
    </ClCompile>
    <ClCompile Include="..\core\mst.cpp">
      <Filter>source</Filter>
    </ClCompile>
    <ClCompile Include="..\core\query.cpp">
      <Filter>source</Filter>
    </ClCompile>
    <ClCompile Include="..\core\stream.cpp">
      <Filter>source</Filter>
    </ClCompile>
    <ClCompile Include="..\core\table.cpp">
      <Filter>source</Filter>
    </ClCompile>
    <ClCompile Include="..\core\thread.cpp">
      <Filter>source</Filter>
    </ClCompile>
    <ClCompile Include="..\core\time.cpp">
      <Filter>source</Filter>
    </ClCompile>
    <ClCompile Include="..\core\console.cpp">
      <Filter>source</Filter>
    </ClCompile>
    <ClCompile Include="..\core\cryptor.cpp">
      <Filter>source</Filter>
    </ClCompile>
    <ClCompile Include="..\core\db.cpp">
      <Filter>source</Filter>
    </ClCompile>
    <ClCompile Include="..\core\dead_lock.cpp">
      <Filter>source</Filter>
    </ClCompile>
    <ClCompile Include="..\core\encoding.cpp">
      <Filter>source</Filter>
    </ClCompile>
    <ClCompile Include="..\core\format.cpp">
      <Filter>source</Filter>
    </ClCompile>
    <ClCompile Include="..\core\logger.cpp">
      <Filter>source</Filter>
    </ClCompile>
    <ClCompile Include="..\core\mst.cpp">
      <Filter>source</Filter>
    </ClCompile>
    <ClCompile Include="..\core\query.cpp">
      <Filter>source</Filter>
    </ClCompile>
    <ClCompile Include="..\core\stream.cpp">
      <Filter>source</Filter>
    </ClCompile>
    <ClCompile Include="..\core\table.cpp">
      <Filter>source</Filter>
    </ClCompile>
    <ClCompile Include="..\core\thread.cpp">
      <Filter>source</Filter>
    </ClCompile>
    <ClCompile Include="..\core\time.cpp">
      <Filter>source</Filter>
    </ClCompile>
    <ClCompile Include="..\core\console.cpp">
      <Filter>source</Filter>
    </ClCompile>
    <ClCompile Include="..\core\cryptor.cpp">
      <Filter>source</Filter>
    </ClCompile>
    <ClCompile Include="..\core\db.cpp">
      <Filter>source</Filter>
    </ClCompile>
    <ClCompile Include="..\core\dead_lock.cpp">
      <Filter>source</Filter>
    </ClCompile>
    <ClCompile Include="..\core\encoding.cpp">
      <Filter>source</Filter>
    </ClCompile>
    <ClCompile Include="..\core\format.cpp">
      <Filter>source</Filter>
    </ClCompile>
    <ClCompile Include="..\core\logger.cpp">
      <Filter>source</Filter>
    </ClCompile>
    <ClCompile Include="..\core\mst.cpp">
      <Filter>source</Filter>
    </ClCompile>
    <ClCompile Include="..\core\query.cpp">
      <Filter>source</Filter>
    </ClCompile>
    <ClCompile Include="..\core\stream.cpp">
      <Filter>source</Filter>
    </ClCompile>
    <ClCompile Include="..\core\table.cpp">
      <Filter>source</Filter>
    </ClCompile>
    <ClCompile Include="..\core\thread.cpp">
      <Filter>source</Filter>
    </ClCompile>
    <ClCompile Include="..\core\time.cpp">
      <Filter>source</Filter>
    </ClCompile>
    <ClCompile Include="..\core\console.cpp">
      <Filter>source</Filter>
    </ClCompile>
    <ClCompile Include="..\core\cryptor.cpp">
      <Filter>source</Filter>
    </ClCompile>
    <ClCompile Include="..\core\db.cpp">
      <Filter>source</Filter>
    </ClCompile>
    <ClCompile Include="..\core\dead_lock.cpp">
      <Filter>source</Filter>
    </ClCompile>
    <ClCompile Include="..\core\encoding.cpp">
      <Filter>source</Filter>
    </ClCompile>
    <ClCompile Include="..\core\format.cpp">
      <Filter>source</Filter>
    </ClCompile>
    <ClCompile Include="..\core\logger.cpp">
      <Filter>source</Filter>
    </ClCompile>
    <ClCompile Include="..\core\mst.cpp">
      <Filter>source</Filter>
    </ClCompile>
    <ClCompile Include="..\core\query.cpp">
      <Filter>source</Filter>
    </ClCompile>
    <ClCompile Include="..\core\stream.cpp">
      <Filter>source</Filter>
    </ClCompile>
    <ClCompile Include="..\core\table.cpp">
      <Filter>source</Filter>
    </ClCompile>
    <ClCompile Include="..\core\thread.cpp">
      <Filter>source</Filter>
    </ClCompile>
    <ClCompile Include="..\core\time.cpp">
      <Filter>source</Filter>
    </ClCompile>
    <ClCompile Include="..\core\console.cpp">
      <Filter>source</Filter>
    </ClCompile>
    <ClCompile Include="..\core\cryptor.cpp">
      <Filter>source</Filter>
    </ClCompile>
    <ClCompile Include="..\core\db.cpp">
      <Filter>source</Filter>
    </ClCompile>
    <ClCompile Include="..\core\dead_lock.cpp">
      <Filter>source</Filter>
    </ClCompile>
    <ClCompile Include="..\core\encoding.cpp">
      <Filter>source</Filter>
    </ClCompile>
    <ClCompile Include="..\core\format.cpp">
      <Filter>source</Filter>
    </ClCompile>
    <ClCompile Include="..\core\logger.cpp">
      <Filter>source</Filter>
    </ClCompile>
    <ClCompile Include="..\core\mst.cpp">
      <Filter>source</Filter>
    </ClCompile>
    <ClCompile Include="..\core\query.cpp">
      <Filter>source</Filter>
    </ClCompile>
    <ClCompile Include="..\core\stream.cpp">
      <Filter>source</Filter>
    </ClCompile>
    <ClCompile Include="..\core\table.cpp">
      <Filter>source</Filter>
    </ClCompile>
    <ClCompile Include="..\core\thread.cpp">
      <Filter>source</Filter>
    </ClCompile>
    <ClCompile Include="..\core\time.cpp">
      <Filter>source</Filter>
    </ClCompile>
    <ClCompile Include="..\core\console.cpp">
      <Filter>source</Filter>
    </ClCompile>
    <ClCompile Include="..\core\cryptor.cpp">
      <Filter>source</Filter>
    </ClCompile>
    <ClCompile Include="..\core\db.cpp">
      <Filter>source</Filter>
    </ClCompile>
    <ClCompile Include="..\core\dead_lock.cpp">
      <Filter>source</Filter>
    </ClCompile>
    <ClCompile Include="..\core\encoding.cpp">
      <Filter>source</Filter>
    </ClCompile>
    <ClCompile Include="..\core\format.cpp">
      <Filter>source</Filter>
    </ClCompile>
    <ClCompile Include="..\core\logger.cpp">
      <Filter>source</Filter>
    </ClCompile>
    <ClCompile Include="..\core\mst.cpp">
      <Filter>source</Filter>
    </ClCompile>
    <ClCompile Include="..\core\query.cpp">
      <Filter>source</Filter>
    </ClCompile>
    <ClCompile Include="..\core\stream.cpp">
      <Filter>source</Filter>
    </ClCompile>
    <ClCompile Include="..\core\table.cpp">
      <Filter>source</Filter>
    </ClCompile>
    <ClCompile Include="..\core\thread.cpp">
      <Filter>source</Filter>
    </ClCompile>
    <ClCompile Include="..\core\time.cpp">
      <Filter>source</Filter>
    </ClCompile>
    <ClCompile Include="..\core\console.cpp">
      <Filter>source</Filter>
    </ClCompile>
    <ClCompile Include="..\core\cryptor.cpp">
      <Filter>source</Filter>
    </ClCompile>
    <ClCompile Include="..\core\db.cpp">
      <Filter>source</Filter>
    </ClCompile>
    <ClCompile Include="..\core\dead_lock.cpp">
      <Filter>source</Filter>
    </ClCompile>
    <ClCompile Include="..\core\encoding.cpp">
      <Filter>source</Filter>
    </ClCompile>
    <ClCompile Include="..\core\format.cpp">
      <Filter>source</Filter>
    </ClCompile>
    <ClCompile Include="..\core\logger.cpp">
      <Filter>source</Filter>
    </ClCompile>
    <ClCompile Include="..\core\mst.cpp">
      <Filter>source</Filter>
    </ClCompile>
    <ClCompile Include="..\core\query.cpp">
      <Filter>source</Filter>
    </ClCompile>
    <ClCompile Include="..\core\stream.cpp">
      <Filter>source</Filter>
    </ClCompile>
    <ClCompile Include="..\core\table.cpp">
      <Filter>source</Filter>
    </ClCompile>
    <ClCompile Include="..\core\thread.cpp">
      <Filter>source</Filter>
    </ClCompile>
    <ClCompile Include="..\core\time.cpp">
      <Filter>source</Filter>
    </ClCompile>
    <ClCompile Include="lib\gateway.cpp">
      <Filter>source</Filter>
    </ClCompile>
    <ClCompile Include="lib\session.cpp">
      <Filter>source</Filter>
    </ClCompile>
    <ClCompile Include="..\core\**\*.cpp" />
    <ClCompile Include="..\core\**\*.cpp" />
    <ClCompile Include="..\core\**\*.cpp" />
    <ClCompile Include="..\core\**\*.cpp" />
    <ClCompile Include="..\core\**\*.cpp" />
    <ClCompile Include="..\core\**\*.cpp" />
    <ClCompile Include="..\core\**\*.cpp" />
    <ClCompile Include="..\core\**\*.cpp" />
    <ClCompile Include="..\core\**\*.cpp" />
    <ClCompile Include="..\core\**\*.cpp" />
    <ClCompile Include="..\core\**\*.cpp" />
    <ClCompile Include="..\core\**\*.cpp" />
    <ClCompile Include="..\core\**\*.cpp" />
    <ClCompile Include="..\core\**\*.cpp" />
    <ClCompile Include="lib\**\*.cpp" />
    <ClCompile Include="lib\**\*.cpp" />
    <ClCompile Include="lib\**\*.cpp" />
    <ClCompile Include="..\core\**\*.cpp" />
    <ClCompile Include="..\core\**\*.cpp" />
    <ClCompile Include="..\core\**\*.cpp" />
    <ClCompile Include="..\core\**\*.cpp" />
    <ClCompile Include="..\core\**\*.cpp" />
    <ClCompile Include="..\core\**\*.cpp" />
    <ClCompile Include="..\core\**\*.cpp" />
    <ClCompile Include="..\core\**\*.cpp" />
    <ClCompile Include="..\core\**\*.cpp" />
    <ClCompile Include="..\core\**\*.cpp" />
    <ClCompile Include="..\core\**\*.cpp" />
    <ClCompile Include="..\core\**\*.cpp" />
    <ClCompile Include="..\core\**\*.cpp" />
    <ClCompile Include="lib\**\*.cpp" />
    <ClCompile Include="lib\**\*.cpp" />
  </ItemGroup>
</Project>