<?xml version="1.0" encoding="utf-8"?>
<Project ToolsVersion="4.0" xmlns="http://schemas.microsoft.com/developer/msbuild/2003">
  <ItemGroup>
    <ClCompile Include="main.cpp" />
    <ClCompile Include="lib\**\*.cpp" />
    <ClCompile Include="lib\**\*.cpp" />
    <ClCompile Include="lib\**\*.cpp" />
    <ClCompile Include="lib\**\*.cpp" />
    <ClCompile Include="lib\**\*.cpp" />
    <ClCompile Include="lib\**\*.cpp" />
    <ClCompile Include="lib\**\*.cpp" />
    <ClCompile Include="lib\**\*.cpp" />
    <ClCompile Include="lib\**\*.cpp" />
  </ItemGroup>
  <ItemGroup>
    <ClInclude Include="include\bot.h" />
    <ClInclude Include="include\bot.container.h" />
    <ClInclude Include="include\bot.game.h" />
    <ClInclude Include="include\bot.gateway.h" />
    <ClInclude Include="include\bot.login.h" />
    <ClInclude Include="include\hook_params.h" />
  </ItemGroup>
</Project>