<?xml version="1.0" encoding="utf-8"?>
<Project ToolsVersion="4.0" xmlns="http://schemas.microsoft.com/developer/msbuild/2003">
  <ItemGroup>
    <Filter Include="core">
      <UniqueIdentifier>{af9e9bbf-cb00-4242-96e1-9f9658e06baa}</UniqueIdentifier>
    </Filter>
    <Filter Include="source">
      <UniqueIdentifier>{c6e647bb-1e04-4961-9dde-5cadd49bd1b0}</UniqueIdentifier>
    </Filter>
  </ItemGroup>
  <ItemGroup>
    <ClCompile Include="..\core\cryptor.cpp">
      <Filter>core</Filter>
    </ClCompile>
    <ClCompile Include="..\core\config.cpp">
      <Filter>core</Filter>
    </ClCompile>
    <ClCompile Include="..\core\console.cpp">
      <Filter>core</Filter>
    </ClCompile>
    <ClCompile Include="..\core\encoding.cpp">
      <Filter>core</Filter>
    </ClCompile>
    <ClCompile Include="..\core\stream.cpp">
      <Filter>core</Filter>
    </ClCompile>
    <ClCompile Include="..\core\table.cpp">
      <Filter>core</Filter>
    </ClCompile>
    <ClCompile Include="..\core\thread.cpp">
      <Filter>core</Filter>
    </ClCompile>
    <ClCompile Include="..\core\time.cpp">
      <Filter>core</Filter>
    </ClCompile>
    <ClCompile Include="main.cpp" />
    <ClCompile Include="lib\bot.cpp">
      <Filter>source</Filter>
    </ClCompile>
    <ClCompile Include="lib\bot.container.cpp">
      <Filter>source</Filter>
    </ClCompile>
    <ClCompile Include="lib\bot.game.cpp">
      <Filter>source</Filter>
    </ClCompile>
    <ClCompile Include="lib\bot.gateway.cpp">
      <Filter>source</Filter>
    </ClCompile>
    <ClCompile Include="lib\bot.login.cpp">
      <Filter>source</Filter>
    </ClCompile>
    <ClCompile Include="..\core\format.cpp">
      <Filter>core</Filter>
    </ClCompile>
    <ClCompile Include="..\core\dead_lock.cpp">
      <Filter>core</Filter>
    </ClCompile>
  </ItemGroup>
</Project>