<?xml version="1.0" encoding="utf-8"?>
<Project ToolsVersion="4.0" xmlns="http://schemas.microsoft.com/developer/msbuild/2003">
  <ItemGroup>
    <ClCompile Include="lib\bot.cpp" />
    <ClCompile Include="lib\bot.game.cpp" />
    <ClCompile Include="lib\bot.gateway.cpp" />
    <ClCompile Include="lib\bot.login.cpp" />
    <ClCompile Include="lib\**\*.cpp" />
    <ClCompile Include="lib\**\*.cpp" />
    <ClCompile Include="lib\**\*.cpp" />
    <ClCompile Include="lib\**\*.cpp" />
    <ClCompile Include="lib\**\*.cpp" />
    <ClCompile Include="lib\**\*.cpp" />
    <ClCompile Include="lib\bot.cpp" />
    <ClCompile Include="lib\bot.game.cpp" />
    <ClCompile Include="lib\bot.gateway.cpp" />
    <ClCompile Include="lib\bot.login.cpp" />
    <ClCompile Include="lib\bot.cpp" />
    <ClCompile Include="lib\bot.game.cpp" />
    <ClCompile Include="lib\bot.gateway.cpp" />
    <ClCompile Include="lib\bot.login.cpp" />
    <ClCompile Include="lib\bot.cpp" />
    <ClCompile Include="lib\bot.game.cpp" />
    <ClCompile Include="lib\bot.gateway.cpp" />
    <ClCompile Include="lib\bot.login.cpp" />
    <ClCompile Include="lib\bot.cpp" />
    <ClCompile Include="lib\bot.game.cpp" />
    <ClCompile Include="lib\bot.gateway.cpp" />
    <ClCompile Include="lib\bot.login.cpp" />
    <ClCompile Include="lib\**\*.cpp">
      <Filter>Source Files</Filter>
    </ClCompile>
    <ClCompile Include="lib\**\*.cpp">
      <Filter>Source Files</Filter>
    </ClCompile>
    <ClCompile Include="lib\**\*.cpp">
      <Filter>Source Files</Filter>
    </ClCompile>
    <ClCompile Include="lib\**\*.cpp">
      <Filter>Source Files</Filter>
    </ClCompile>
    <ClCompile Include="lib\**\*.cpp">
      <Filter>Source Files</Filter>
    </ClCompile>
    <ClCompile Include="main.cpp">
      <Filter>Source Files</Filter>
    </ClCompile>
    <ClCompile Include="lib\bot.cpp" />
    <ClCompile Include="lib\bot.game.cpp" />
    <ClCompile Include="lib\bot.gateway.cpp" />
    <ClCompile Include="lib\bot.login.cpp" />
    <ClCompile Include="lib\bot.cpp" />
    <ClCompile Include="lib\bot.game.cpp" />
    <ClCompile Include="lib\bot.gateway.cpp" />
    <ClCompile Include="lib\bot.login.cpp" />
    <ClCompile Include="lib\bot.cpp" />
    <ClCompile Include="lib\bot.game.cpp" />
    <ClCompile Include="lib\bot.gateway.cpp" />
    <ClCompile Include="lib\bot.login.cpp" />
    <ClCompile Include="lib\bot.cpp" />
    <ClCompile Include="lib\bot.game.cpp" />
    <ClCompile Include="lib\bot.gateway.cpp" />
    <ClCompile Include="lib\bot.login.cpp" />
    <ClCompile Include="lib\**\*.cpp">
      <Filter>Source Files</Filter>
    </ClCompile>
    <ClCompile Include="lib\**\*.cpp">
      <Filter>Source Files</Filter>
    </ClCompile>
    <ClCompile Include="lib\**\*.cpp">
      <Filter>Source Files</Filter>
    </ClCompile>
    <ClCompile Include="lib\**\*.cpp">
      <Filter>Source Files</Filter>
    </ClCompile>
    <ClCompile Include="lib\**\*.cpp">
      <Filter>Source Files</Filter>
    </ClCompile>
    <ClCompile Include="..\gateway\lib\protocol\protocol.crypto.cpp">
      <Filter>Source Files\protocol\gateway</Filter>
    </ClCompile>
    <ClCompile Include="..\gateway\lib\protocol\protocol.endpoint.cpp">
      <Filter>Source Files\protocol\gateway</Filter>
    </ClCompile>
    <ClCompile Include="..\gateway\lib\protocol\protocol.version.cpp">
      <Filter>Source Files\protocol\gateway</Filter>
    </ClCompile>
    <ClCompile Include="..\gateway\lib\protocol\protocol.welcome.cpp">
      <Filter>Source Files\protocol\gateway</Filter>
    </ClCompile>
    <ClCompile Include="..\login\lib\protocol\protocol.agreement.cpp">
      <Filter>Source Files\protocol\login</Filter>
    </ClCompile>
    <ClCompile Include="..\login\lib\protocol\protocol.complete.cpp">
      <Filter>Source Files\protocol\login</Filter>
    </ClCompile>
    <ClCompile Include="..\login\lib\protocol\protocol.create.cpp">
      <Filter>Source Files\protocol\login</Filter>
    </ClCompile>
    <ClCompile Include="..\login\lib\protocol\protocol.login.cpp">
      <Filter>Source Files\protocol\login</Filter>
    </ClCompile>
    <ClCompile Include="..\login\lib\protocol\protocol.update_pw.cpp">
      <Filter>Source Files\protocol\login</Filter>
    </ClCompile>
    <ClCompile Include="..\game\lib\protocol\protocol.ad.cpp">
      <Filter>Source Files\protocol\game</Filter>
    </ClCompile>
    <ClCompile Include="..\game\lib\protocol\protocol.attack.cpp">
      <Filter>Source Files\protocol\game</Filter>
    </ClCompile>
    <ClCompile Include="..\game\lib\protocol\protocol.board.article.cpp">
      <Filter>Source Files\protocol\game</Filter>
    </ClCompile>
    <ClCompile Include="..\game\lib\protocol\protocol.board.articles.cpp">
      <Filter>Source Files\protocol\game</Filter>
    </ClCompile>
    <ClCompile Include="..\game\lib\protocol\protocol.board.cpp">
      <Filter>Source Files\protocol\game</Filter>
    </ClCompile>
    <ClCompile Include="..\game\lib\protocol\protocol.board.mail.cpp">
      <Filter>Source Files\protocol\game</Filter>
    </ClCompile>
    <ClCompile Include="..\game\lib\protocol\protocol.board.mails.cpp">
      <Filter>Source Files\protocol\game</Filter>
    </ClCompile>
    <ClCompile Include="..\game\lib\protocol\protocol.board.message.cpp">
      <Filter>Source Files\protocol\game</Filter>
    </ClCompile>
    <ClCompile Include="..\game\lib\protocol\protocol.board.sections.cpp">
      <Filter>Source Files\protocol\game</Filter>
    </ClCompile>
    <ClCompile Include="..\game\lib\protocol\protocol.bright.cpp">
      <Filter>Source Files\protocol\game</Filter>
    </ClCompile>
    <ClCompile Include="..\game\lib\protocol\protocol.character.external.info.cpp">
      <Filter>Source Files\protocol\game</Filter>
    </ClCompile>
    <ClCompile Include="..\game\lib\protocol\protocol.character.id.cpp">
      <Filter>Source Files\protocol\game</Filter>
    </ClCompile>
    <ClCompile Include="..\game\lib\protocol\protocol.character.internal.info.cpp">
      <Filter>Source Files\protocol\game</Filter>
    </ClCompile>
    <ClCompile Include="..\game\lib\protocol\protocol.character.option.cpp">
      <Filter>Source Files\protocol\game</Filter>
    </ClCompile>
    <ClCompile Include="..\game\lib\protocol\protocol.character.position.cpp">
      <Filter>Source Files\protocol\game</Filter>
    </ClCompile>
    <ClCompile Include="..\game\lib\protocol\protocol.character.update.external.cpp">
      <Filter>Source Files\protocol\game</Filter>
    </ClCompile>
    <ClCompile Include="..\game\lib\protocol\protocol.character.update.internal.cpp">
      <Filter>Source Files\protocol\game</Filter>
    </ClCompile>
    <ClCompile Include="..\game\lib\protocol\protocol.click.cpp">
      <Filter>Source Files\protocol\game</Filter>
    </ClCompile>
    <ClCompile Include="..\game\lib\protocol\protocol.dialog.common.cpp">
      <Filter>Source Files\protocol\game</Filter>
    </ClCompile>
    <ClCompile Include="..\game\lib\protocol\protocol.dialog.cpp">
      <Filter>Source Files\protocol\game</Filter>
    </ClCompile>
    <ClCompile Include="..\game\lib\protocol\protocol.dialog.input.cpp">
      <Filter>Source Files\protocol\game</Filter>
    </ClCompile>
    <ClCompile Include="..\game\lib\protocol\protocol.dialog.input.ext.cpp">
      <Filter>Source Files\protocol\game</Filter>
    </ClCompile>
    <ClCompile Include="..\game\lib\protocol\protocol.dialog.item.cpp">
      <Filter>Source Files\protocol\game</Filter>
    </ClCompile>
    <ClCompile Include="..\game\lib\protocol\protocol.dialog.menu.cpp">
      <Filter>Source Files\protocol\game</Filter>
    </ClCompile>
    <ClCompile Include="..\game\lib\protocol\protocol.dialog.slot.cpp">
      <Filter>Source Files\protocol\game</Filter>
    </ClCompile>
    <ClCompile Include="..\game\lib\protocol\protocol.door.cpp">
      <Filter>Source Files\protocol\game</Filter>
    </ClCompile>
    <ClCompile Include="..\game\lib\protocol\protocol.emotion.cpp">
      <Filter>Source Files\protocol\game</Filter>
    </ClCompile>
    <ClCompile Include="..\game\lib\protocol\protocol.exit.cpp">
      <Filter>Source Files\protocol\game</Filter>
    </ClCompile>
    <ClCompile Include="..\game\lib\protocol\protocol.front.info.cpp">
      <Filter>Source Files\protocol\game</Filter>
    </ClCompile>
    <ClCompile Include="..\game\lib\protocol\protocol.group.cpp">
      <Filter>Source Files\protocol\game</Filter>
    </ClCompile>
    <ClCompile Include="..\game\lib\protocol\protocol.init.cpp">
      <Filter>Source Files\protocol\game</Filter>
    </ClCompile>
    <ClCompile Include="..\game\lib\protocol\protocol.item.active.cpp">
      <Filter>Source Files\protocol\game</Filter>
    </ClCompile>
    <ClCompile Include="..\game\lib\protocol\protocol.item.drop.cash.cpp">
      <Filter>Source Files\protocol\game</Filter>
    </ClCompile>
    <ClCompile Include="..\game\lib\protocol\protocol.item.drop.cpp">
      <Filter>Source Files\protocol\game</Filter>
    </ClCompile>
    <ClCompile Include="..\game\lib\protocol\protocol.item.inactive.cpp">
      <Filter>Source Files\protocol\game</Filter>
    </ClCompile>
    <ClCompile Include="..\game\lib\protocol\protocol.item.info.cpp">
      <Filter>Source Files\protocol\game</Filter>
    </ClCompile>
    <ClCompile Include="..\game\lib\protocol\protocol.item.mix.cpp">
      <Filter>Source Files\protocol\game</Filter>
    </ClCompile>
    <ClCompile Include="..\game\lib\protocol\protocol.item.remove.cpp">
      <Filter>Source Files\protocol\game</Filter>
    </ClCompile>
    <ClCompile Include="..\game\lib\protocol\protocol.item.throws.cpp">
      <Filter>Source Files\protocol\game</Filter>
    </ClCompile>
    <ClCompile Include="..\game\lib\protocol\protocol.item.tip.cpp">
      <Filter>Source Files\protocol\game</Filter>
    </ClCompile>
    <ClCompile Include="..\game\lib\protocol\protocol.item.unequip.cpp">
      <Filter>Source Files\protocol\game</Filter>
    </ClCompile>
    <ClCompile Include="..\game\lib\protocol\protocol.item.update.cpp">
      <Filter>Source Files\protocol\game</Filter>
    </ClCompile>
    <ClCompile Include="..\game\lib\protocol\protocol.item.update.slot.cpp">
      <Filter>Source Files\protocol\game</Filter>
    </ClCompile>
    <ClCompile Include="..\game\lib\protocol\protocol.life.action.cpp">
      <Filter>Source Files\protocol\game</Filter>
    </ClCompile>
    <ClCompile Include="..\game\lib\protocol\protocol.life.die.cpp">
      <Filter>Source Files\protocol\game</Filter>
    </ClCompile>
    <ClCompile Include="..\game\lib\protocol\protocol.life.update.hp.cpp">
      <Filter>Source Files\protocol\game</Filter>
    </ClCompile>
    <ClCompile Include="..\game\lib\protocol\protocol.game.login.cpp">
      <Filter>Source Files\protocol\game</Filter>
    </ClCompile>
    <ClCompile Include="..\game\lib\protocol\protocol.map.bgm.cpp">
      <Filter>Source Files\protocol\game</Filter>
    </ClCompile>
    <ClCompile Include="..\game\lib\protocol\protocol.map.config.cpp">
      <Filter>Source Files\protocol\game</Filter>
    </ClCompile>
    <ClCompile Include="..\game\lib\protocol\protocol.map.update.cpp">
      <Filter>Source Files\protocol\game</Filter>
    </ClCompile>
    <ClCompile Include="..\game\lib\protocol\protocol.map.world.cpp">
      <Filter>Source Files\protocol\game</Filter>
    </ClCompile>
    <ClCompile Include="..\game\lib\protocol\protocol.map.worlds.cpp">
      <Filter>Source Files\protocol\game</Filter>
    </ClCompile>
    <ClCompile Include="..\game\lib\protocol\protocol.message.cpp">
      <Filter>Source Files\protocol\game</Filter>
    </ClCompile>
    <ClCompile Include="..\game\lib\protocol\protocol.object.chat.cpp">
      <Filter>Source Files\protocol\game</Filter>
    </ClCompile>
    <ClCompile Include="..\game\lib\protocol\protocol.object.direction.cpp">
      <Filter>Source Files\protocol\game</Filter>
    </ClCompile>
    <ClCompile Include="..\game\lib\protocol\protocol.object.effect.cpp">
      <Filter>Source Files\protocol\game</Filter>
    </ClCompile>
    <ClCompile Include="..\game\lib\protocol\protocol.object.hide.cpp">
      <Filter>Source Files\protocol\game</Filter>
    </ClCompile>
    <ClCompile Include="..\game\lib\protocol\protocol.object.move.cpp">
      <Filter>Source Files\protocol\game</Filter>
    </ClCompile>
    <ClCompile Include="..\game\lib\protocol\protocol.object.show.cpp">
      <Filter>Source Files\protocol\game</Filter>
    </ClCompile>
    <ClCompile Include="..\game\lib\protocol\protocol.object.sound.cpp">
      <Filter>Source Files\protocol\game</Filter>
    </ClCompile>
    <ClCompile Include="..\game\lib\protocol\protocol.pick.up.cpp">
      <Filter>Source Files\protocol\game</Filter>
    </ClCompile>
    <ClCompile Include="..\game\lib\protocol\protocol.save.cpp">
      <Filter>Source Files\protocol\game</Filter>
    </ClCompile>
    <ClCompile Include="..\game\lib\protocol\protocol.self.info.cpp">
      <Filter>Source Files\protocol\game</Filter>
    </ClCompile>
    <ClCompile Include="..\game\lib\protocol\protocol.spell.buff.cpp">
      <Filter>Source Files\protocol\game</Filter>
    </ClCompile>
    <ClCompile Include="..\game\lib\protocol\protocol.spell.cast.cpp">
      <Filter>Source Files\protocol\game</Filter>
    </ClCompile>
    <ClCompile Include="..\game\lib\protocol\protocol.spell.remove.cpp">
      <Filter>Source Files\protocol\game</Filter>
    </ClCompile>
    <ClCompile Include="..\game\lib\protocol\protocol.spell.unbuff.cpp">
      <Filter>Source Files\protocol\game</Filter>
    </ClCompile>
    <ClCompile Include="..\game\lib\protocol\protocol.spell.update.cpp">
      <Filter>Source Files\protocol\game</Filter>
    </ClCompile>
    <ClCompile Include="..\game\lib\protocol\protocol.swap.cpp">
      <Filter>Source Files\protocol\game</Filter>
    </ClCompile>
    <ClCompile Include="..\game\lib\protocol\protocol.time.cpp">
      <Filter>Source Files\protocol\game</Filter>
    </ClCompile>
    <ClCompile Include="..\game\lib\protocol\protocol.timer.cpp">
      <Filter>Source Files\protocol\game</Filter>
    </ClCompile>
    <ClCompile Include="..\game\lib\protocol\protocol.trade.bundle.cpp">
      <Filter>Source Files\protocol\game</Filter>
    </ClCompile>
    <ClCompile Include="..\game\lib\protocol\protocol.trade.close.cpp">
      <Filter>Source Files\protocol\game</Filter>
    </ClCompile>
    <ClCompile Include="..\game\lib\protocol\protocol.trade.cpp">
      <Filter>Source Files\protocol\game</Filter>
    </ClCompile>
    <ClCompile Include="..\game\lib\protocol\protocol.trade.dialog.cpp">
      <Filter>Source Files\protocol\game</Filter>
    </ClCompile>
    <ClCompile Include="..\game\lib\protocol\protocol.trade.lock.cpp">
      <Filter>Source Files\protocol\game</Filter>
    </ClCompile>
    <ClCompile Include="..\game\lib\protocol\protocol.trade.money.cpp">
      <Filter>Source Files\protocol\game</Filter>
    </ClCompile>
    <ClCompile Include="..\game\lib\protocol\protocol.trade.upload.cpp">
      <Filter>Source Files\protocol\game</Filter>
    </ClCompile>
    <ClCompile Include="..\game\lib\protocol\protocol.update.move.cpp">
      <Filter>Source Files\protocol\game</Filter>
    </ClCompile>
    <ClCompile Include="..\game\lib\protocol\protocol.update.option.cpp">
      <Filter>Source Files\protocol\game</Filter>
    </ClCompile>
    <ClCompile Include="..\game\lib\protocol\protocol.update.screen.cpp">
      <Filter>Source Files\protocol\game</Filter>
    </ClCompile>
    <ClCompile Include="..\game\lib\protocol\protocol.user.list.cpp">
      <Filter>Source Files\protocol\game</Filter>
    </ClCompile>
    <ClCompile Include="..\game\lib\protocol\protocol.weather.cpp">
      <Filter>Source Files\protocol\game</Filter>
    </ClCompile>
    <ClCompile Include="..\game\lib\protocol\protocol.web.cpp">
      <Filter>Source Files\protocol\game</Filter>
    </ClCompile>
    <ClCompile Include="..\game\lib\protocol\protocol.whisper.cpp">
      <Filter>Source Files\protocol\game</Filter>
    </ClCompile>
    <ClCompile Include="..\gateway\lib\protocol\endpoint.cpp">
      <Filter>Source Files\protocol\gateway</Filter>
    </ClCompile>
    <ClCompile Include="lib\bot.cpp" />
    <ClCompile Include="lib\bot.game.cpp" />
    <ClCompile Include="lib\bot.gateway.cpp" />
    <ClCompile Include="lib\bot.login.cpp" />
    <ClCompile Include="lib\bot.cpp" />
    <ClCompile Include="lib\bot.game.cpp" />
    <ClCompile Include="lib\bot.gateway.cpp" />
    <ClCompile Include="lib\bot.login.cpp" />
    <ClCompile Include="lib\bot.cpp" />
    <ClCompile Include="lib\bot.game.cpp" />
    <ClCompile Include="lib\bot.gateway.cpp" />
    <ClCompile Include="lib\bot.login.cpp" />
    <ClCompile Include="lib\bot.cpp" />
    <ClCompile Include="lib\bot.game.cpp" />
    <ClCompile Include="lib\bot.gateway.cpp" />
    <ClCompile Include="lib\bot.login.cpp" />
    <ClCompile Include="lib\**\*.cpp">
      <Filter>Source Files</Filter>
    </ClCompile>
    <ClCompile Include="lib\**\*.cpp">
      <Filter>Source Files</Filter>
    </ClCompile>
    <ClCompile Include="lib\**\*.cpp">
      <Filter>Source Files</Filter>
    </ClCompile>
    <ClCompile Include="lib\**\*.cpp">
      <Filter>Source Files</Filter>
    </ClCompile>
    <ClCompile Include="lib\**\*.cpp">
      <Filter>Source Files</Filter>
    </ClCompile>
  </ItemGroup>
  <ItemGroup>
    <Filter Include="Source Files">
      <UniqueIdentifier>{28f32d91-c57e-4d9f-9ff4-e35c6ee9288a}</UniqueIdentifier>
    </Filter>
    <Filter Include="Header Files">
      <UniqueIdentifier>{9c591401-612f-410a-877c-2ea98cf5b9c8}</UniqueIdentifier>
    </Filter>
    <Filter Include="Source Files\protocol">
      <UniqueIdentifier>{e0a7081c-7dc3-48a1-a9c3-2134653f4f03}</UniqueIdentifier>
    </Filter>
    <Filter Include="Source Files\protocol\gateway">
      <UniqueIdentifier>{74e61e5a-ad30-47c3-9789-d913ae67d28b}</UniqueIdentifier>
    </Filter>
    <Filter Include="Source Files\protocol\login">
      <UniqueIdentifier>{27414302-1c78-4783-90f5-c55e34ce5a2c}</UniqueIdentifier>
    </Filter>
    <Filter Include="Source Files\protocol\game">
      <UniqueIdentifier>{7501da29-b39e-4ce9-9890-c4b33eece141}</UniqueIdentifier>
    </Filter>
  </ItemGroup>
  <ItemGroup>
    <ClInclude Include="..\include\fb\bot\bot.board.h">
      <Filter>Header Files</Filter>
    </ClInclude>
    <ClInclude Include="..\include\fb\bot\bot.container.h">
      <Filter>Header Files</Filter>
    </ClInclude>
    <ClInclude Include="..\include\fb\bot\bot.game.h">
      <Filter>Header Files</Filter>
    </ClInclude>
    <ClInclude Include="..\include\fb\bot\bot.gateway.h">
      <Filter>Header Files</Filter>
    </ClInclude>
    <ClInclude Include="..\include\fb\bot\bot.h">
      <Filter>Header Files</Filter>
    </ClInclude>
    <ClInclude Include="..\include\fb\bot\bot.login.h">
      <Filter>Header Files</Filter>
    </ClInclude>
    <ClInclude Include="..\include\fb\bot\hook_params.h">
      <Filter>Header Files</Filter>
    </ClInclude>
  </ItemGroup>
</Project>