<?xml version="1.0" encoding="utf-8"?>
<Project ToolsVersion="4.0" xmlns="http://schemas.microsoft.com/developer/msbuild/2003">
  <ItemGroup>
    <Filter Include="Source Files">
      <UniqueIdentifier>{4FC737F1-C7A5-4376-A066-2A32D752A2FF}</UniqueIdentifier>
      <Extensions>cpp;c;cc;cxx;c++;def;odl;idl;hpj;bat;asm;asmx</Extensions>
    </Filter>
    <Filter Include="Resource Files">
      <UniqueIdentifier>{67DA6AB6-F800-4c08-8B7A-83BB121AAD01}</UniqueIdentifier>
      <Extensions>rc;ico;cur;bmp;dlg;rc2;rct;bin;rgs;gif;jpg;jpeg;jpe;resx;tiff;tif;png;wav;mfcribbon-ms</Extensions>
    </Filter>
    <Filter Include="module">
      <UniqueIdentifier>{dcb41cdf-df77-4fbb-8436-d8accc51851f}</UniqueIdentifier>
    </Filter>
    <Filter Include="module\acceptor">
      <UniqueIdentifier>{3d513e6b-0e3c-42eb-90f9-3ee77c24dfd2}</UniqueIdentifier>
    </Filter>
    <Filter Include="config">
      <UniqueIdentifier>{903b6da7-d76a-4df8-9514-b805e56dbafd}</UniqueIdentifier>
    </Filter>
    <Filter Include="module\console">
      <UniqueIdentifier>{e16949b1-ab59-4e6f-811a-ba3a10c27013}</UniqueIdentifier>
    </Filter>
    <Filter Include="module\cryptor">
      <UniqueIdentifier>{c3df2661-af3a-485d-971f-5c05df9f7889}</UniqueIdentifier>
    </Filter>
    <Filter Include="module\db">
      <UniqueIdentifier>{6a774e56-437e-4e19-9b6f-4cbacb7a88d5}</UniqueIdentifier>
    </Filter>
    <Filter Include="module\timer">
      <UniqueIdentifier>{179df1ca-ed86-4d58-93c9-7c13753b98bc}</UniqueIdentifier>
    </Filter>
    <Filter Include="module\stream">
      <UniqueIdentifier>{d9c71a8e-11f1-47e0-9013-d1a3541f5e92}</UniqueIdentifier>
    </Filter>
    <Filter Include="module\socket">
      <UniqueIdentifier>{89c1dbc3-bbcd-4a06-8953-04adafef964e}</UniqueIdentifier>
    </Filter>
    <Filter Include="module\service">
      <UniqueIdentifier>{7eb83c1b-34da-4714-b5e7-41c5c7a6fec3}</UniqueIdentifier>
    </Filter>
  </ItemGroup>
  <ItemGroup>
    <ClCompile Include="..\module\acceptor\acceptor.cpp">
      <Filter>module\acceptor</Filter>
    </ClCompile>
    <ClCompile Include="..\module\config\config.cpp">
      <Filter>config</Filter>
    </ClCompile>
    <ClCompile Include="..\module\console\console.cpp">
      <Filter>module\console</Filter>
    </ClCompile>
    <ClCompile Include="..\module\crypto\cryptor.cpp">
      <Filter>module\cryptor</Filter>
    </ClCompile>
    <ClCompile Include="..\module\db\db.cpp">
      <Filter>module\db</Filter>
    </ClCompile>
    <ClCompile Include="..\module\service\service.cpp">
      <Filter>module\service</Filter>
    </ClCompile>
    <ClCompile Include="..\module\socket\socket.cpp">
      <Filter>module\socket</Filter>
    </ClCompile>
    <ClCompile Include="..\module\stream\stream.cpp">
      <Filter>module\stream</Filter>
    </ClCompile>
    <ClCompile Include="..\module\timer\timer.cpp">
      <Filter>module\timer</Filter>
    </ClCompile>
  </ItemGroup>
  <ItemGroup>
    <ClInclude Include="..\module\acceptor\acceptor.h">
      <Filter>module\acceptor</Filter>
    </ClInclude>
    <ClInclude Include="..\module\acceptor\acceptor.hpp">
      <Filter>module\acceptor</Filter>
    </ClInclude>
    <ClInclude Include="..\module\config\config.h">
      <Filter>config</Filter>
    </ClInclude>
    <ClInclude Include="..\module\console\console.h">
      <Filter>module\console</Filter>
    </ClInclude>
    <ClInclude Include="..\module\crypto\cryptor.h">
      <Filter>module\cryptor</Filter>
    </ClInclude>
    <ClInclude Include="..\module\db\db.h">
      <Filter>module\db</Filter>
    </ClInclude>
    <ClInclude Include="..\module\service\service.h">
      <Filter>module\service</Filter>
    </ClInclude>
    <ClInclude Include="..\module\socket\socket.h">
      <Filter>module\socket</Filter>
    </ClInclude>
    <ClInclude Include="..\module\socket\socket.hpp">
      <Filter>module\socket</Filter>
    </ClInclude>
    <ClInclude Include="..\module\stream\stream.h">
      <Filter>module\stream</Filter>
    </ClInclude>
    <ClInclude Include="..\module\timer\timer.h">
      <Filter>module\timer</Filter>
    </ClInclude>
    <ClInclude Include="..\module\leak.h" />
  </ItemGroup>
</Project>